
Microsoft Visual Studio Solution File, Format Version 12.00
# Visual Studio 14
VisualStudioVersion = 14.0.25123.0
MinimumVisualStudioVersion = 10.0.40219.1
Project("{FAE04EC0-301F-11D3-BF4B-00C04F79EFBC}") = "Scripty.MsBuild", "Scripty.MsBuild\Scripty.MsBuild.csproj", "{02AA19AC-F899-4764-A8B8-D92AF080998D}"
EndProject
Project("{FAE04EC0-301F-11D3-BF4B-00C04F79EFBC}") = "Scripty.Core", "Scripty.Core\Scripty.Core.csproj", "{52A4A907-3A42-4E65-A0C9-607A79914F61}"
EndProject
Project("{FAE04EC0-301F-11D3-BF4B-00C04F79EFBC}") = "Scripty", "Scripty\Scripty.csproj", "{742C7885-F583-4CDF-B594-246E10A30050}"
EndProject
Project("{FAE04EC0-301F-11D3-BF4B-00C04F79EFBC}") = "Scripty.CustomTool", "Scripty.CustomTool\Scripty.CustomTool.csproj", "{B2562827-CABF-4E23-8E91-3E5563BE44A6}"
EndProject
Project("{FAE04EC0-301F-11D3-BF4B-00C04F79EFBC}") = "Scripty.Core.Tests", "Scripty.Core.Tests\Scripty.Core.Tests.csproj", "{5E9CCC68-0B5D-4771-A72C-943BE64E32E5}"
EndProject
Project("{FAE04EC0-301F-11D3-BF4B-00C04F79EFBC}") = "Cake.Scripty", "Cake.Scripty\Cake.Scripty.csproj", "{D7369930-CDB9-4BE8-B609-6E242D980251}"
EndProject
Project("{FAE04EC0-301F-11D3-BF4B-00C04F79EFBC}") = "Cake.Scripty.Tests", "Cake.Scripty.Tests\Cake.Scripty.Tests.csproj", "{EDDB19BE-A3C4-4002-A2D2-DCC539448A27}"
EndProject
Global
	GlobalSection(SolutionConfigurationPlatforms) = preSolution
		Debug|Any CPU = Debug|Any CPU
		Release|Any CPU = Release|Any CPU
	EndGlobalSection
	GlobalSection(ProjectConfigurationPlatforms) = postSolution
		{02AA19AC-F899-4764-A8B8-D92AF080998D}.Debug|Any CPU.ActiveCfg = Debug|Any CPU
		{02AA19AC-F899-4764-A8B8-D92AF080998D}.Debug|Any CPU.Build.0 = Debug|Any CPU
		{02AA19AC-F899-4764-A8B8-D92AF080998D}.Release|Any CPU.ActiveCfg = Release|Any CPU
		{02AA19AC-F899-4764-A8B8-D92AF080998D}.Release|Any CPU.Build.0 = Release|Any CPU
		{52A4A907-3A42-4E65-A0C9-607A79914F61}.Debug|Any CPU.ActiveCfg = Debug|Any CPU
		{52A4A907-3A42-4E65-A0C9-607A79914F61}.Debug|Any CPU.Build.0 = Debug|Any CPU
		{52A4A907-3A42-4E65-A0C9-607A79914F61}.Release|Any CPU.ActiveCfg = Release|Any CPU
		{52A4A907-3A42-4E65-A0C9-607A79914F61}.Release|Any CPU.Build.0 = Release|Any CPU
		{742C7885-F583-4CDF-B594-246E10A30050}.Debug|Any CPU.ActiveCfg = Debug|Any CPU
		{742C7885-F583-4CDF-B594-246E10A30050}.Debug|Any CPU.Build.0 = Debug|Any CPU
		{742C7885-F583-4CDF-B594-246E10A30050}.Release|Any CPU.ActiveCfg = Release|Any CPU
		{742C7885-F583-4CDF-B594-246E10A30050}.Release|Any CPU.Build.0 = Release|Any CPU
		{B2562827-CABF-4E23-8E91-3E5563BE44A6}.Debug|Any CPU.ActiveCfg = Debug|Any CPU
		{B2562827-CABF-4E23-8E91-3E5563BE44A6}.Debug|Any CPU.Build.0 = Debug|Any CPU
		{B2562827-CABF-4E23-8E91-3E5563BE44A6}.Release|Any CPU.ActiveCfg = Release|Any CPU
		{B2562827-CABF-4E23-8E91-3E5563BE44A6}.Release|Any CPU.Build.0 = Release|Any CPU
		{5E9CCC68-0B5D-4771-A72C-943BE64E32E5}.Debug|Any CPU.ActiveCfg = Debug|Any CPU
		{5E9CCC68-0B5D-4771-A72C-943BE64E32E5}.Debug|Any CPU.Build.0 = Debug|Any CPU
		{5E9CCC68-0B5D-4771-A72C-943BE64E32E5}.Release|Any CPU.ActiveCfg = Release|Any CPU
		{5E9CCC68-0B5D-4771-A72C-943BE64E32E5}.Release|Any CPU.Build.0 = Release|Any CPU
		{D7369930-CDB9-4BE8-B609-6E242D980251}.Debug|Any CPU.ActiveCfg = Debug|Any CPU
		{D7369930-CDB9-4BE8-B609-6E242D980251}.Debug|Any CPU.Build.0 = Debug|Any CPU
		{D7369930-CDB9-4BE8-B609-6E242D980251}.Release|Any CPU.ActiveCfg = Release|Any CPU
		{D7369930-CDB9-4BE8-B609-6E242D980251}.Release|Any CPU.Build.0 = Release|Any CPU
		{EDDB19BE-A3C4-4002-A2D2-DCC539448A27}.Debug|Any CPU.ActiveCfg = Debug|Any CPU
		{EDDB19BE-A3C4-4002-A2D2-DCC539448A27}.Debug|Any CPU.Build.0 = Debug|Any CPU
		{EDDB19BE-A3C4-4002-A2D2-DCC539448A27}.Release|Any CPU.ActiveCfg = Release|Any CPU
		{EDDB19BE-A3C4-4002-A2D2-DCC539448A27}.Release|Any CPU.Build.0 = Release|Any CPU
	EndGlobalSection
	GlobalSection(SolutionProperties) = preSolution
		HideSolutionNode = FALSE
	EndGlobalSection
EndGlobal
